github.com/go-sql-driver/mysql v1.5.0 h1:ozyZYNQW3x3HtqT1jira07DN2PArx2v7/mN66gGcHOs=
github.com/go-sql-driver/mysql v1.5.0/go.mod h1:DCzpHaOWr8IXmIStZouvnhqoel9Qv2LBy8hT2VhHyBg=
github.com/golang/protobuf v1.3.4 h1:87PNWwrRvUSnqS4dlcBU/ftvOIBep4sYuBLlh6rX2wk=
github.com/golang/protobuf v1.3.4/go.mod h1:vzj43D7+SQXF/4pzW/hwtAqwc6iTitCiVSaWz5lYuqw=
github.com/yingzhuo/go-cli/v2 v2.0.9 h1:2+p29/bQCTJ7rCdWz/AXRKAeRNizS8doQO0DtCXVU9g=
github.com/yingzhuo/go-cli/v2 v2.0.9/go.mod h1:DA8ZoQK7+fHVFCZgFEV5mwGVudCBF9nN87GHHKOFe3Y=
